
Microsoft Visual Studio Solution File, Format Version 12.00
# Visual Studio Version 16
VisualStudioVersion = 16.0.32413.511
MinimumVisualStudioVersion = 10.0.40219.1
Project("{FAE04EC0-301F-11D3-BF4B-00C04F79EFBC}") = "BonusProje1", "BonusProje1\BonusProje1.csproj", "{7D4D5259-443B-4864-A1D0-FEC02E47858F}"
EndProject
Global
	GlobalSection(SolutionConfigurationPlatforms) = preSolution
		Debug|Any CPU = Debug|Any CPU
		Release|Any CPU = Release|Any CPU
	EndGlobalSection
	GlobalSection(ProjectConfigurationPlatforms) = postSolution
		{7D4D5259-443B-4864-A1D0-FEC02E47858F}.Debug|Any CPU.ActiveCfg = Debug|Any CPU
		{7D4D5259-443B-4864-A1D0-FEC02E47858F}.Debug|Any CPU.Build.0 = Debug|Any CPU
		{7D4D5259-443B-4864-A1D0-FEC02E47858F}.Release|Any CPU.ActiveCfg = Release|Any CPU
		{7D4D5259-443B-4864-A1D0-FEC02E47858F}.Release|Any CPU.Build.0 = Release|Any CPU
	EndGlobalSection
	GlobalSection(SolutionProperties) = preSolution
		HideSolutionNode = FALSE
	EndGlobalSection
	GlobalSection(ExtensibilityGlobals) = postSolution
		SolutionGuid = {3005DB06-4DFD-4DCF-A816-58A5C1529154}
	EndGlobalSection
EndGlobal
